// !$*UTF8*$!
{
	archiveVersion = 1;
	classes = {
	};
	objectVersion = 50;
	objects = {

/* Begin PBXBuildFile section */
		0B4D9AB5B9659B287ADC94E8 /* Pods_rxtestApp.framework in Frameworks */ = {isa = PBXBuildFile; fileRef = DF3C783E9107298B2D114ABF /* Pods_rxtestApp.framework */; };
		CC0501F923EBE06200EAD7B8 /* AppDelegate.swift in Sources */ = {isa = PBXBuildFile; fileRef = CC0501F823EBE06200EAD7B8 /* AppDelegate.swift */; };
		CC0501FB23EBE06200EAD7B8 /* SceneDelegate.swift in Sources */ = {isa = PBXBuildFile; fileRef = CC0501FA23EBE06200EAD7B8 /* SceneDelegate.swift */; };
		CC0501FD23EBE06200EAD7B8 /* ViewController.swift in Sources */ = {isa = PBXBuildFile; fileRef = CC0501FC23EBE06200EAD7B8 /* ViewController.swift */; };
		CC05020023EBE06200EAD7B8 /* Main.storyboard in Resources */ = {isa = PBXBuildFile; fileRef = CC0501FE23EBE06200EAD7B8 /* Main.storyboard */; };
		CC05020223EBE06400EAD7B8 /* Assets.xcassets in Resources */ = {isa = PBXBuildFile; fileRef = CC05020123EBE06400EAD7B8 /* Assets.xcassets */; };
		CC05020523EBE06400EAD7B8 /* LaunchScreen.storyboard in Resources */ = {isa = PBXBuildFile; fileRef = CC05020323EBE06400EAD7B8 /* LaunchScreen.storyboard */; };
		CC05020D23EBE79100EAD7B8 /* ViewModel.swift in Sources */ = {isa = PBXBuildFile; fileRef = CC05020C23EBE79100EAD7B8 /* ViewModel.swift */; };
/* End PBXBuildFile section */

/* Begin PBXFileReference section */
		A0FBDAE1E9B786A277365ABE /* Pods-rxtestApp.debug.xcconfig */ = {isa = PBXFileReference; includeInIndex = 1; lastKnownFileType = text.xcconfig; name = "Pods-rxtestApp.debug.xcconfig"; path = "Pods/Target Support Files/Pods-rxtestApp/Pods-rxtestApp.debug.xcconfig"; sourceTree = "<group>"; };
		C667E8FC9B0BFF4DF0CD979B /* Pods-rxtestApp.release.xcconfig */ = {isa = PBXFileReference; includeInIndex = 1; lastKnownFileType = text.xcconfig; name = "Pods-rxtestApp.release.xcconfig"; path = "Pods/Target Support Files/Pods-rxtestApp/Pods-rxtestApp.release.xcconfig"; sourceTree = "<group>"; };
		CC0501F523EBE06200EAD7B8 /* rxtestApp.app */ = {isa = PBXFileReference; explicitFileType = wrapper.application; includeInIndex = 0; path = rxtestApp.app; sourceTree = BUILT_PRODUCTS_DIR; };
		CC0501F823EBE06200EAD7B8 /* AppDelegate.swift */ = {isa = PBXFileReference; lastKnownFileType = sourcecode.swift; path = AppDelegate.swift; sourceTree = "<group>"; };
		CC0501FA23EBE06200EAD7B8 /* SceneDelegate.swift */ = {isa = PBXFileReference; lastKnownFileType = sourcecode.swift; path = SceneDelegate.swift; sourceTree = "<group>"; };
		CC0501FC23EBE06200EAD7B8 /* ViewController.swift */ = {isa = PBXFileReference; lastKnownFileType = sourcecode.swift; path = ViewController.swift; sourceTree = "<group>"; };
		CC0501FF23EBE06200EAD7B8 /* Base */ = {isa = PBXFileReference; lastKnownFileType = file.storyboard; name = Base; path = Base.lproj/Main.storyboard; sourceTree = "<group>"; };
		CC05020123EBE06400EAD7B8 /* Assets.xcassets */ = {isa = PBXFileReference; lastKnownFileType = folder.assetcatalog; path = Assets.xcassets; sourceTree = "<group>"; };
		CC05020423EBE06400EAD7B8 /* Base */ = {isa = PBXFileReference; lastKnownFileType = file.storyboard; name = Base; path = Base.lproj/LaunchScreen.storyboard; sourceTree = "<group>"; };
		CC05020623EBE06400EAD7B8 /* Info.plist */ = {isa = PBXFileReference; lastKnownFileType = text.plist.xml; path = Info.plist; sourceTree = "<group>"; };
		CC05020C23EBE79100EAD7B8 /* ViewModel.swift */ = {isa = PBXFileReference; lastKnownFileType = sourcecode.swift; path = ViewModel.swift; sourceTree = "<group>"; };
		DF3C783E9107298B2D114ABF /* Pods_rxtestApp.framework */ = {isa = PBXFileReference; explicitFileType = wrapper.framework; includeInIndex = 0; path = Pods_rxtestApp.framework; sourceTree = BUILT_PRODUCTS_DIR; };
/* End PBXFileReference section */

/* Begin PBXFrameworksBuildPhase section */
		CC0501F223EBE06200EAD7B8 /* Frameworks */ = {
			isa = PBXFrameworksBuildPhase;
			buildActionMask = 2147483647;
			files = (
				0B4D9AB5B9659B287ADC94E8 /* Pods_rxtestApp.framework in Frameworks */,
			);
			runOnlyForDeploymentPostprocessing = 0;
		};
/* End PBXFrameworksBuildPhase section */

/* Begin PBXGroup section */
		72EF139B21E08ACA858BE28B /* Frameworks */ = {
			isa = PBXGroup;
			children = (
				DF3C783E9107298B2D114ABF /* Pods_rxtestApp.framework */,
			);
			name = Frameworks;
			sourceTree = "<group>";
		};
		CC0501EC23EBE06200EAD7B8 = {
			isa = PBXGroup;
			children = (
				CC0501F723EBE06200EAD7B8 /* rxtestApp */,
				CC0501F623EBE06200EAD7B8 /* Products */,
				E7B97B444A8B2A557FE0149C /* Pods */,
				72EF139B21E08ACA858BE28B /* Frameworks */,
			);
			sourceTree = "<group>";
		};
		CC0501F623EBE06200EAD7B8 /* Products */ = {
			isa = PBXGroup;
			children = (
				CC0501F523EBE06200EAD7B8 /* rxtestApp.app */,
			);
			name = Products;
			sourceTree = "<group>";
		};
		CC0501F723EBE06200EAD7B8 /* rxtestApp */ = {
			isa = PBXGroup;
			children = (
				CC0501F823EBE06200EAD7B8 /* AppDelegate.swift */,
				CC0501FA23EBE06200EAD7B8 /* SceneDelegate.swift */,
				CC0501FC23EBE06200EAD7B8 /* ViewController.swift */,
				CC0501FE23EBE06200EAD7B8 /* Main.storyboard */,
				CC05020123EBE06400EAD7B8 /* Assets.xcassets */,
				CC05020323EBE06400EAD7B8 /* LaunchScreen.storyboard */,
				CC05020623EBE06400EAD7B8 /* Info.plist */,
				CC05020C23EBE79100EAD7B8 /* ViewModel.swift */,
			);
			path = rxtestApp;
			sourceTree = "<group>";
		};
		E7B97B444A8B2A557FE0149C /* Pods */ = {
			isa = PBXGroup;
			children = (
				A0FBDAE1E9B786A277365ABE /* Pods-rxtestApp.debug.xcconfig */,
				C667E8FC9B0BFF4DF0CD979B /* Pods-rxtestApp.release.xcconfig */,
			);
			name = Pods;
			sourceTree = "<group>";
		};
/* End PBXGroup section */

/* Begin PBXNativeTarget section */
		CC0501F423EBE06200EAD7B8 /* rxtestApp */ = {
			isa = PBXNativeTarget;
			buildConfigurationList = CC05020923EBE06400EAD7B8 /* Build configuration list for PBXNativeTarget "rxtestApp" */;
			buildPhases = (
				B3B24BAE45F31DF92361E239 /* [CP] Check Pods Manifest.lock */,
				CC0501F123EBE06200EAD7B8 /* Sources */,
				CC0501F223EBE06200EAD7B8 /* Frameworks */,
				CC0501F323EBE06200EAD7B8 /* Resources */,
				F97CEEE31420B5A5EA5E30DF /* [CP] Embed Pods Frameworks */,
			);
			buildRules = (
			);
			dependencies = (
			);
			name = rxtestApp;
			productName = rxtestApp;
			productReference = CC0501F523EBE06200EAD7B8 /* rxtestApp.app */;
			productType = "com.apple.product-type.application";
		};
/* End PBXNativeTarget section */

/* Begin PBXProject section */
		CC0501ED23EBE06200EAD7B8 /* Project object */ = {
			isa = PBXProject;
			attributes = {
				LastSwiftUpdateCheck = 1130;
				LastUpgradeCheck = 1130;
				ORGANIZATIONNAME = "Shota Nishizawa";
				TargetAttributes = {
					CC0501F423EBE06200EAD7B8 = {
						CreatedOnToolsVersion = 11.3.1;
					};
				};
			};
			buildConfigurationList = CC0501F023EBE06200EAD7B8 /* Build configuration list for PBXProject "rxtestApp" */;
			compatibilityVersion = "Xcode 9.3";
			developmentRegion = en;
			hasScannedForEncodings = 0;
			knownRegions = (
				en,
				Base,
			);
			mainGroup = CC0501EC23EBE06200EAD7B8;
			productRefGroup = CC0501F623EBE06200EAD7B8 /* Products */;
			projectDirPath = "";
			projectRoot = "";
			targets = (
				CC0501F423EBE06200EAD7B8 /* rxtestApp */,
			);
		};
/* End PBXProject section */

/* Begin PBXResourcesBuildPhase section */
		CC0501F323EBE06200EAD7B8 /* Resources */ = {
			isa = PBXResourcesBuildPhase;
			buildActionMask = 2147483647;
			files = (
				CC05020523EBE06400EAD7B8 /* LaunchScreen.storyboard in Resources */,
				CC05020223EBE06400EAD7B8 /* Assets.xcassets in Resources */,
				CC05020023EBE06200EAD7B8 /* Main.storyboard in Resources */,
			);
			runOnlyForDeploymentPostprocessing = 0;
		};
/* End PBXResourcesBuildPhase section */

/* Begin PBXShellScriptBuildPhase section */
		B3B24BAE45F31DF92361E239 /* [CP] Check Pods Manifest.lock */ = {
			isa = PBXShellScriptBuildPhase;
			buildActionMask = 2147483647;
			files = (
			);
			inputFileListPaths = (
			);
			inputPaths = (
				"${PODS_PODFILE_DIR_PATH}/Podfile.lock",
				"${PODS_ROOT}/Manifest.lock",
			);
			name = "[CP] Check Pods Manifest.lock";
			outputFileListPaths = (
			);
			outputPaths = (
				"$(DERIVED_FILE_DIR)/Pods-rxtestApp-checkManifestLockResult.txt",
			);
			runOnlyForDeploymentPostprocessing = 0;
			shellPath = /bin/sh;
			shellScript = "diff \"${PODS_PODFILE_DIR_PATH}/Podfile.lock\" \"${PODS_ROOT}/Manifest.lock\" > /dev/null\nif [ $? != 0 ] ; then\n    # print error to STDERR\n    echo \"error: The sandbox is not in sync with the Podfile.lock. Run 'pod install' or update your CocoaPods installation.\" >&2\n    exit 1\nfi\n# This output is used by Xcode 'outputs' to avoid re-running this script phase.\necho \"SUCCESS\" > \"${SCRIPT_OUTPUT_FILE_0}\"\n";
			showEnvVarsInLog = 0;
		};
		F97CEEE31420B5A5EA5E30DF /* [CP] Embed Pods Frameworks */ = {
			isa = PBXShellScriptBuildPhase;
			buildActionMask = 2147483647;
			files = (
			);
			inputFileListPaths = (
			);
			inputPaths = (
				"${SRCROOT}/Pods/Target Support Files/Pods-rxtestApp/Pods-rxtestApp-frameworks.sh",
				"${BUILT_PRODUCTS_DIR}/RxCocoa/RxCocoa.framework",
				"${BUILT_PRODUCTS_DIR}/RxRelay/RxRelay.framework",
				"${BUILT_PRODUCTS_DIR}/RxSwift/RxSwift.framework",
			);
			name = "[CP] Embed Pods Frameworks";
			outputFileListPaths = (
			);
			outputPaths = (
				"${TARGET_BUILD_DIR}/${FRAMEWORKS_FOLDER_PATH}/RxCocoa.framework",
				"${TARGET_BUILD_DIR}/${FRAMEWORKS_FOLDER_PATH}/RxRelay.framework",
				"${TARGET_BUILD_DIR}/${FRAMEWORKS_FOLDER_PATH}/RxSwift.framework",
			);
			runOnlyForDeploymentPostprocessing = 0;
			shellPath = /bin/sh;
			shellScript = "\"${SRCROOT}/Pods/Target Support Files/Pods-rxtestApp/Pods-rxtestApp-frameworks.sh\"\n";
			showEnvVarsInLog = 0;
		};
/* End PBXShellScriptBuildPhase section */

/* Begin PBXSourcesBuildPhase section */
		CC0501F123EBE06200EAD7B8 /* Sources */ = {
			isa = PBXSourcesBuildPhase;
			buildActionMask = 2147483647;
			files = (
				CC0501FD23EBE06200EAD7B8 /* ViewController.swift in Sources */,
				CC0501F923EBE06200EAD7B8 /* AppDelegate.swift in Sources */,
				CC05020D23EBE79100EAD7B8 /* ViewModel.swift in Sources */,
				CC0501FB23EBE06200EAD7B8 /* SceneDelegate.swift in Sources */,
			);
			runOnlyForDeploymentPostprocessing = 0;
		};
/* End PBXSourcesBuildPhase section */

/* Begin PBXVariantGroup section */
		CC0501FE23EBE06200EAD7B8 /* Main.storyboard */ = {
			isa = PBXVariantGroup;
			children = (
				CC0501FF23EBE06200EAD7B8 /* Base */,
			);
			name = Main.storyboard;
			sourceTree = "<group>";
		};
		CC05020323EBE06400EAD7B8 /* LaunchScreen.storyboard */ = {
			isa = PBXVariantGroup;
			children = (
				CC05020423EBE06400EAD7B8 /* Base */,
			);
			name = LaunchScreen.storyboard;
			sourceTree = "<group>";
		};
/* End PBXVariantGroup section */

/* Begin XCBuildConfiguration section */
		CC05020723EBE06400EAD7B8 /* Debug */ = {
			isa = XCBuildConfiguration;
			buildSettings = {
				ALWAYS_SEARCH_USER_PATHS = NO;
				CLANG_ANALYZER_NONNULL = YES;
				CLANG_ANALYZER_NUMBER_OBJECT_CONVERSION = YES_AGGRESSIVE;
				CLANG_CXX_LANGUAGE_STANDARD = "gnu++14";
				CLANG_CXX_LIBRARY = "libc++";
				CLANG_ENABLE_MODULES = YES;
				CLANG_ENABLE_OBJC_ARC = YES;
				CLANG_ENABLE_OBJC_WEAK = YES;
				CLANG_WARN_BLOCK_CAPTURE_AUTORELEASING = YES;
				CLANG_WARN_BOOL_CONVERSION = YES;
				CLANG_WARN_COMMA = YES;
				CLANG_WARN_CONSTANT_CONVERSION = YES;
				CLANG_WARN_DEPRECATED_OBJC_IMPLEMENTATIONS = YES;
				CLANG_WARN_DIRECT_OBJC_ISA_USAGE = YES_ERROR;
				CLANG_WARN_DOCUMENTATION_COMMENTS = YES;
				CLANG_WARN_EMPTY_BODY = YES;
				CLANG_WARN_ENUM_CONVERSION = YES;
				CLANG_WARN_INFINITE_RECURSION = YES;
				CLANG_WARN_INT_CONVERSION = YES;
				CLANG_WARN_NON_LITERAL_NULL_CONVERSION = YES;
				CLANG_WARN_OBJC_IMPLICIT_RETAIN_SELF = YES;
				CLANG_WARN_OBJC_LITERAL_CONVERSION = YES;
				CLANG_WARN_OBJC_ROOT_CLASS = YES_ERROR;
				CLANG_WARN_RANGE_LOOP_ANALYSIS = YES;
				CLANG_WARN_STRICT_PROTOTYPES = YES;
				CLANG_WARN_SUSPICIOUS_MOVE = YES;
				CLANG_WARN_UNGUARDED_AVAILABILITY = YES_AGGRESSIVE;
				CLANG_WARN_UNREACHABLE_CODE = YES;
				CLANG_WARN__DUPLICATE_METHOD_MATCH = YES;
				COPY_PHASE_STRIP = NO;
				DEBUG_INFORMATION_FORMAT = dwarf;
				ENABLE_STRICT_OBJC_MSGSEND = YES;
				ENABLE_TESTABILITY = YES;
				GCC_C_LANGUAGE_STANDARD = gnu11;
				GCC_DYNAMIC_NO_PIC = NO;
				GCC_NO_COMMON_BLOCKS = YES;
				GCC_OPTIMIZATION_LEVEL = 0;
				GCC_PREPROCESSOR_DEFINITIONS = (
					"DEBUG=1",
					"$(inherited)",
				);
				GCC_WARN_64_TO_32_BIT_CONVERSION = YES;
				GCC_WARN_ABOUT_RETURN_TYPE = YES_ERROR;
				GCC_WARN_UNDECLARED_SELECTOR = YES;
				GCC_WARN_UNINITIALIZED_AUTOS = YES_AGGRESSIVE;
				GCC_WARN_UNUSED_FUNCTION = YES;
				GCC_WARN_UNUSED_VARIABLE = YES;
				IPHONEOS_DEPLOYMENT_TARGET = 13.2;
				MTL_ENABLE_DEBUG_INFO = INCLUDE_SOURCE;
				MTL_FAST_MATH = YES;
				ONLY_ACTIVE_ARCH = YES;
				SDKROOT = iphoneos;
				SWIFT_ACTIVE_COMPILATION_CONDITIONS = DEBUG;
				SWIFT_OPTIMIZATION_LEVEL = "-Onone";
			};
			name = Debug;
		};
		CC05020823EBE06400EAD7B8 /* Release */ = {
			isa = XCBuildConfiguration;
			buildSettings = {
				ALWAYS_SEARCH_USER_PATHS = NO;
				CLANG_ANALYZER_NONNULL = YES;
				CLANG_ANALYZER_NUMBER_OBJECT_CONVERSION = YES_AGGRESSIVE;
				CLANG_CXX_LANGUAGE_STANDARD = "gnu++14";
				CLANG_CXX_LIBRARY = "libc++";
				CLANG_ENABLE_MODULES = YES;
				CLANG_ENABLE_OBJC_ARC = YES;
				CLANG_ENABLE_OBJC_WEAK = YES;
				CLANG_WARN_BLOCK_CAPTURE_AUTORELEASING = YES;
				CLANG_WARN_BOOL_CONVERSION = YES;
				CLANG_WARN_COMMA = YES;
				CLANG_WARN_CONSTANT_CONVERSION = YES;
				CLANG_WARN_DEPRECATED_OBJC_IMPLEMENTATIONS = YES;
				CLANG_WARN_DIRECT_OBJC_ISA_USAGE = YES_ERROR;
				CLANG_WARN_DOCUMENTATION_COMMENTS = YES;
				CLANG_WARN_EMPTY_BODY = YES;
				CLANG_WARN_ENUM_CONVERSION = YES;
				CLANG_WARN_INFINITE_RECURSION = YES;
				CLANG_WARN_INT_CONVERSION = YES;
				CLANG_WARN_NON_LITERAL_NULL_CONVERSION = YES;
				CLANG_WARN_OBJC_IMPLICIT_RETAIN_SELF = YES;
				CLANG_WARN_OBJC_LITERAL_CONVERSION = YES;
				CLANG_WARN_OBJC_ROOT_CLASS = YES_ERROR;
				CLANG_WARN_RANGE_LOOP_ANALYSIS = YES;
				CLANG_WARN_STRICT_PROTOTYPES = YES;
				CLANG_WARN_SUSPICIOUS_MOVE = YES;
				CLANG_WARN_UNGUARDED_AVAILABILITY = YES_AGGRESSIVE;
				CLANG_WARN_UNREACHABLE_CODE = YES;
				CLANG_WARN__DUPLICATE_METHOD_MATCH = YES;
				COPY_PHASE_STRIP = NO;
				DEBUG_INFORMATION_FORMAT = "dwarf-with-dsym";
				ENABLE_NS_ASSERTIONS = NO;
				ENABLE_STRICT_OBJC_MSGSEND = YES;
				GCC_C_LANGUAGE_STANDARD = gnu11;
				GCC_NO_COMMON_BLOCKS = YES;
				GCC_WARN_64_TO_32_BIT_CONVERSION = YES;
				GCC_WARN_ABOUT_RETURN_TYPE = YES_ERROR;
				GCC_WARN_UNDECLARED_SELECTOR = YES;
				GCC_WARN_UNINITIALIZED_AUTOS = YES_AGGRESSIVE;
				GCC_WARN_UNUSED_FUNCTION = YES;
				GCC_WARN_UNUSED_VARIABLE = YES;
				IPHONEOS_DEPLOYMENT_TARGET = 13.2;
				MTL_ENABLE_DEBUG_INFO = NO;
				MTL_FAST_MATH = YES;
				SDKROOT = iphoneos;
				SWIFT_COMPILATION_MODE = wholemodule;
				SWIFT_OPTIMIZATION_LEVEL = "-O";
				VALIDATE_PRODUCT = YES;
			};
			name = Release;
		};
		CC05020A23EBE06400EAD7B8 /* Debug */ = {
			isa = XCBuildConfiguration;
			baseConfigurationReference = A0FBDAE1E9B786A277365ABE /* Pods-rxtestApp.debug.xcconfig */;
			buildSettings = {
				ASSETCATALOG_COMPILER_APPICON_NAME = AppIcon;
				CODE_SIGN_STYLE = Automatic;
				DEVELOPMENT_TEAM = 523WDM2D3U;
				INFOPLIST_FILE = rxtestApp/Info.plist;
				LD_RUNPATH_SEARCH_PATHS = (
					"$(inherited)",
					"@executable_path/Frameworks",
				);
				PRODUCT_BUNDLE_IDENTIFIER = net.amaocha.rxtestApp;
				PRODUCT_NAME = "$(TARGET_NAME)";
				SWIFT_VERSION = 5.0;
				TARGETED_DEVICE_FAMILY = "1,2";
			};
			name = Debug;
		};
		CC05020B23EBE06400EAD7B8 /* Release */ = {
			isa = XCBuildConfiguration;
			baseConfigurationReference = C667E8FC9B0BFF4DF0CD979B /* Pods-rxtestApp.release.xcconfig */;
			buildSettings = {
				ASSETCATALOG_COMPILER_APPICON_NAME = AppIcon;
				CODE_SIGN_STYLE = Automatic;
				DEVELOPMENT_TEAM = 523WDM2D3U;
				INFOPLIST_FILE = rxtestApp/Info.plist;
				LD_RUNPATH_SEARCH_PATHS = (
					"$(inherited)",
					"@executable_path/Frameworks",
				);
				PRODUCT_BUNDLE_IDENTIFIER = net.amaocha.rxtestApp;
				PRODUCT_NAME = "$(TARGET_NAME)";
				SWIFT_VERSION = 5.0;
				TARGETED_DEVICE_FAMILY = "1,2";
			};
			name = Release;
		};
/* End XCBuildConfiguration section */

/* Begin XCConfigurationList section */
		CC0501F023EBE06200EAD7B8 /* Build configuration list for PBXProject "rxtestApp" */ = {
			isa = XCConfigurationList;
			buildConfigurations = (
				CC05020723EBE06400EAD7B8 /* Debug */,
				CC05020823EBE06400EAD7B8 /* Release */,
			);
			defaultConfigurationIsVisible = 0;
			defaultConfigurationName = Release;
		};
		CC05020923EBE06400EAD7B8 /* Build configuration list for PBXNativeTarget "rxtestApp" */ = {
			isa = XCConfigurationList;
			buildConfigurations = (
				CC05020A23EBE06400EAD7B8 /* Debug */,
				CC05020B23EBE06400EAD7B8 /* Release */,
			);
			defaultConfigurationIsVisible = 0;
			defaultConfigurationName = Release;
		};
/* End XCConfigurationList section */
	};
	rootObject = CC0501ED23EBE06200EAD7B8 /* Project object */;
}
